
Microsoft Visual Studio Solution File, Format Version 12.00
# Visual Studio 15
VisualStudioVersion = 15.0.26730.10
MinimumVisualStudioVersion = 10.0.40219.1
Project("{FAE04EC0-301F-11D3-BF4B-00C04F79EFBC}") = "CCG.Android", "CCG\CCG.Android\CCG.Android.csproj", "{19739415-EA12-42EB-B4D9-299171077291}"
EndProject
Project("{FAE04EC0-301F-11D3-BF4B-00C04F79EFBC}") = "CCG", "CCG\CCG\CCG.csproj", "{B17B5D45-6514-4037-91BB-890A16529F04}"
EndProject
Project("{FAE04EC0-301F-11D3-BF4B-00C04F79EFBC}") = "CCG.UWP", "CCG\CCG.UWP\CCG.UWP.csproj", "{E81B493C-4692-4406-A27F-D3E5D8A86393}"
EndProject
Project("{FAE04EC0-301F-11D3-BF4B-00C04F79EFBC}") = "CCG.iOS", "CCG\CCG.iOS\CCG.iOS.csproj", "{91EF20CC-555E-40CF-856C-610C1D18D830}"
EndProject
Project("{FAE04EC0-301F-11D3-BF4B-00C04F79EFBC}") = "CCG.Contracts", "CCG.Contracts\CCG.Contracts.csproj", "{5E0CBD45-F2D5-443C-AC26-DE60B566E866}"
EndProject
Project("{FAE04EC0-301F-11D3-BF4B-00C04F79EFBC}") = "CCG.AzureService", "CCG.AzureService\CCG.AzureService.csproj", "{2C3F21C0-DE13-473A-A95E-C78FB72E6C1D}"
EndProject
Project("{FAE04EC0-301F-11D3-BF4B-00C04F79EFBC}") = "CCG.TwitchWrapper", "CCG.TwitchWrapper\CCG.TwitchWrapper.csproj", "{45AA6F43-79FC-40AE-82E9-0A400DC93677}"
EndProject
Project("{FAE04EC0-301F-11D3-BF4B-00C04F79EFBC}") = "Tester", "Tester\Tester.csproj", "{1059C840-5473-40FB-A127-77ACACB3A3FA}"
EndProject
Global
	GlobalSection(SolutionConfigurationPlatforms) = preSolution
		Ad-Hoc|Any CPU = Ad-Hoc|Any CPU
		Ad-Hoc|ARM = Ad-Hoc|ARM
		Ad-Hoc|iPhone = Ad-Hoc|iPhone
		Ad-Hoc|iPhoneSimulator = Ad-Hoc|iPhoneSimulator
		Ad-Hoc|x64 = Ad-Hoc|x64
		Ad-Hoc|x86 = Ad-Hoc|x86
		AppStore|Any CPU = AppStore|Any CPU
		AppStore|ARM = AppStore|ARM
		AppStore|iPhone = AppStore|iPhone
		AppStore|iPhoneSimulator = AppStore|iPhoneSimulator
		AppStore|x64 = AppStore|x64
		AppStore|x86 = AppStore|x86
		Debug|Any CPU = Debug|Any CPU
		Debug|ARM = Debug|ARM
		Debug|iPhone = Debug|iPhone
		Debug|iPhoneSimulator = Debug|iPhoneSimulator
		Debug|x64 = Debug|x64
		Debug|x86 = Debug|x86
		Release|Any CPU = Release|Any CPU
		Release|ARM = Release|ARM
		Release|iPhone = Release|iPhone
		Release|iPhoneSimulator = Release|iPhoneSimulator
		Release|x64 = Release|x64
		Release|x86 = Release|x86
	EndGlobalSection
	GlobalSection(ProjectConfigurationPlatforms) = postSolution
		{19739415-EA12-42EB-B4D9-299171077291}.Ad-Hoc|Any CPU.ActiveCfg = Release|Any CPU
		{19739415-EA12-42EB-B4D9-299171077291}.Ad-Hoc|Any CPU.Build.0 = Release|Any CPU
		{19739415-EA12-42EB-B4D9-299171077291}.Ad-Hoc|Any CPU.Deploy.0 = Release|Any CPU
		{19739415-EA12-42EB-B4D9-299171077291}.Ad-Hoc|ARM.ActiveCfg = Release|Any CPU
		{19739415-EA12-42EB-B4D9-299171077291}.Ad-Hoc|ARM.Build.0 = Release|Any CPU
		{19739415-EA12-42EB-B4D9-299171077291}.Ad-Hoc|ARM.Deploy.0 = Release|Any CPU
		{19739415-EA12-42EB-B4D9-299171077291}.Ad-Hoc|iPhone.ActiveCfg = Release|Any CPU
		{19739415-EA12-42EB-B4D9-299171077291}.Ad-Hoc|iPhone.Build.0 = Release|Any CPU
		{19739415-EA12-42EB-B4D9-299171077291}.Ad-Hoc|iPhone.Deploy.0 = Release|Any CPU
		{19739415-EA12-42EB-B4D9-299171077291}.Ad-Hoc|iPhoneSimulator.ActiveCfg = Release|Any CPU
		{19739415-EA12-42EB-B4D9-299171077291}.Ad-Hoc|iPhoneSimulator.Build.0 = Release|Any CPU
		{19739415-EA12-42EB-B4D9-299171077291}.Ad-Hoc|iPhoneSimulator.Deploy.0 = Release|Any CPU
		{19739415-EA12-42EB-B4D9-299171077291}.Ad-Hoc|x64.ActiveCfg = Release|Any CPU
		{19739415-EA12-42EB-B4D9-299171077291}.Ad-Hoc|x64.Build.0 = Release|Any CPU
		{19739415-EA12-42EB-B4D9-299171077291}.Ad-Hoc|x64.Deploy.0 = Release|Any CPU
		{19739415-EA12-42EB-B4D9-299171077291}.Ad-Hoc|x86.ActiveCfg = Release|Any CPU
		{19739415-EA12-42EB-B4D9-299171077291}.Ad-Hoc|x86.Build.0 = Release|Any CPU
		{19739415-EA12-42EB-B4D9-299171077291}.Ad-Hoc|x86.Deploy.0 = Release|Any CPU
		{19739415-EA12-42EB-B4D9-299171077291}.AppStore|Any CPU.ActiveCfg = Release|Any CPU
		{19739415-EA12-42EB-B4D9-299171077291}.AppStore|Any CPU.Build.0 = Release|Any CPU
		{19739415-EA12-42EB-B4D9-299171077291}.AppStore|Any CPU.Deploy.0 = Release|Any CPU
		{19739415-EA12-42EB-B4D9-299171077291}.AppStore|ARM.ActiveCfg = Release|Any CPU
		{19739415-EA12-42EB-B4D9-299171077291}.AppStore|ARM.Build.0 = Release|Any CPU
		{19739415-EA12-42EB-B4D9-299171077291}.AppStore|ARM.Deploy.0 = Release|Any CPU
		{19739415-EA12-42EB-B4D9-299171077291}.AppStore|iPhone.ActiveCfg = Release|Any CPU
		{19739415-EA12-42EB-B4D9-299171077291}.AppStore|iPhone.Build.0 = Release|Any CPU
		{19739415-EA12-42EB-B4D9-299171077291}.AppStore|iPhone.Deploy.0 = Release|Any CPU
		{19739415-EA12-42EB-B4D9-299171077291}.AppStore|iPhoneSimulator.ActiveCfg = Release|Any CPU
		{19739415-EA12-42EB-B4D9-299171077291}.AppStore|iPhoneSimulator.Build.0 = Release|Any CPU
		{19739415-EA12-42EB-B4D9-299171077291}.AppStore|iPhoneSimulator.Deploy.0 = Release|Any CPU
		{19739415-EA12-42EB-B4D9-299171077291}.AppStore|x64.ActiveCfg = Release|Any CPU
		{19739415-EA12-42EB-B4D9-299171077291}.AppStore|x64.Build.0 = Release|Any CPU
		{19739415-EA12-42EB-B4D9-299171077291}.AppStore|x64.Deploy.0 = Release|Any CPU
		{19739415-EA12-42EB-B4D9-299171077291}.AppStore|x86.ActiveCfg = Release|Any CPU
		{19739415-EA12-42EB-B4D9-299171077291}.AppStore|x86.Build.0 = Release|Any CPU
		{19739415-EA12-42EB-B4D9-299171077291}.AppStore|x86.Deploy.0 = Release|Any CPU
		{19739415-EA12-42EB-B4D9-299171077291}.Debug|Any CPU.ActiveCfg = Debug|Any CPU
		{19739415-EA12-42EB-B4D9-299171077291}.Debug|Any CPU.Build.0 = Debug|Any CPU
		{19739415-EA12-42EB-B4D9-299171077291}.Debug|Any CPU.Deploy.0 = Debug|Any CPU
		{19739415-EA12-42EB-B4D9-299171077291}.Debug|ARM.ActiveCfg = Debug|Any CPU
		{19739415-EA12-42EB-B4D9-299171077291}.Debug|ARM.Build.0 = Debug|Any CPU
		{19739415-EA12-42EB-B4D9-299171077291}.Debug|ARM.Deploy.0 = Debug|Any CPU
		{19739415-EA12-42EB-B4D9-299171077291}.Debug|iPhone.ActiveCfg = Debug|Any CPU
		{19739415-EA12-42EB-B4D9-299171077291}.Debug|iPhone.Build.0 = Debug|Any CPU
		{19739415-EA12-42EB-B4D9-299171077291}.Debug|iPhone.Deploy.0 = Debug|Any CPU
		{19739415-EA12-42EB-B4D9-299171077291}.Debug|iPhoneSimulator.ActiveCfg = Debug|Any CPU
		{19739415-EA12-42EB-B4D9-299171077291}.Debug|iPhoneSimulator.Build.0 = Debug|Any CPU
		{19739415-EA12-42EB-B4D9-299171077291}.Debug|iPhoneSimulator.Deploy.0 = Debug|Any CPU
		{19739415-EA12-42EB-B4D9-299171077291}.Debug|x64.ActiveCfg = Debug|Any CPU
		{19739415-EA12-42EB-B4D9-299171077291}.Debug|x64.Build.0 = Debug|Any CPU
		{19739415-EA12-42EB-B4D9-299171077291}.Debug|x64.Deploy.0 = Debug|Any CPU
		{19739415-EA12-42EB-B4D9-299171077291}.Debug|x86.ActiveCfg = Debug|Any CPU
		{19739415-EA12-42EB-B4D9-299171077291}.Debug|x86.Build.0 = Debug|Any CPU
		{19739415-EA12-42EB-B4D9-299171077291}.Debug|x86.Deploy.0 = Debug|Any CPU
		{19739415-EA12-42EB-B4D9-299171077291}.Release|Any CPU.ActiveCfg = Release|Any CPU
		{19739415-EA12-42EB-B4D9-299171077291}.Release|Any CPU.Build.0 = Release|Any CPU
		{19739415-EA12-42EB-B4D9-299171077291}.Release|Any CPU.Deploy.0 = Release|Any CPU
		{19739415-EA12-42EB-B4D9-299171077291}.Release|ARM.ActiveCfg = Release|Any CPU
		{19739415-EA12-42EB-B4D9-299171077291}.Release|ARM.Build.0 = Release|Any CPU
		{19739415-EA12-42EB-B4D9-299171077291}.Release|ARM.Deploy.0 = Release|Any CPU
		{19739415-EA12-42EB-B4D9-299171077291}.Release|iPhone.ActiveCfg = Release|Any CPU
		{19739415-EA12-42EB-B4D9-299171077291}.Release|iPhone.Build.0 = Release|Any CPU
		{19739415-EA12-42EB-B4D9-299171077291}.Release|iPhone.Deploy.0 = Release|Any CPU
		{19739415-EA12-42EB-B4D9-299171077291}.Release|iPhoneSimulator.ActiveCfg = Release|Any CPU
		{19739415-EA12-42EB-B4D9-299171077291}.Release|iPhoneSimulator.Build.0 = Release|Any CPU
		{19739415-EA12-42EB-B4D9-299171077291}.Release|iPhoneSimulator.Deploy.0 = Release|Any CPU
		{19739415-EA12-42EB-B4D9-299171077291}.Release|x64.ActiveCfg = Release|Any CPU
		{19739415-EA12-42EB-B4D9-299171077291}.Release|x64.Build.0 = Release|Any CPU
		{19739415-EA12-42EB-B4D9-299171077291}.Release|x64.Deploy.0 = Release|Any CPU
		{19739415-EA12-42EB-B4D9-299171077291}.Release|x86.ActiveCfg = Release|Any CPU
		{19739415-EA12-42EB-B4D9-299171077291}.Release|x86.Build.0 = Release|Any CPU
		{19739415-EA12-42EB-B4D9-299171077291}.Release|x86.Deploy.0 = Release|Any CPU
		{B17B5D45-6514-4037-91BB-890A16529F04}.Ad-Hoc|Any CPU.ActiveCfg = Release|Any CPU
		{B17B5D45-6514-4037-91BB-890A16529F04}.Ad-Hoc|Any CPU.Build.0 = Release|Any CPU
		{B17B5D45-6514-4037-91BB-890A16529F04}.Ad-Hoc|ARM.ActiveCfg = Release|Any CPU
		{B17B5D45-6514-4037-91BB-890A16529F04}.Ad-Hoc|ARM.Build.0 = Release|Any CPU
		{B17B5D45-6514-4037-91BB-890A16529F04}.Ad-Hoc|iPhone.ActiveCfg = Release|Any CPU
		{B17B5D45-6514-4037-91BB-890A16529F04}.Ad-Hoc|iPhone.Build.0 = Release|Any CPU
		{B17B5D45-6514-4037-91BB-890A16529F04}.Ad-Hoc|iPhoneSimulator.ActiveCfg = Release|Any CPU
		{B17B5D45-6514-4037-91BB-890A16529F04}.Ad-Hoc|iPhoneSimulator.Build.0 = Release|Any CPU
		{B17B5D45-6514-4037-91BB-890A16529F04}.Ad-Hoc|x64.ActiveCfg = Release|Any CPU
		{B17B5D45-6514-4037-91BB-890A16529F04}.Ad-Hoc|x64.Build.0 = Release|Any CPU
		{B17B5D45-6514-4037-91BB-890A16529F04}.Ad-Hoc|x86.ActiveCfg = Release|Any CPU
		{B17B5D45-6514-4037-91BB-890A16529F04}.Ad-Hoc|x86.Build.0 = Release|Any CPU
		{B17B5D45-6514-4037-91BB-890A16529F04}.AppStore|Any CPU.ActiveCfg = Release|Any CPU
		{B17B5D45-6514-4037-91BB-890A16529F04}.AppStore|Any CPU.Build.0 = Release|Any CPU
		{B17B5D45-6514-4037-91BB-890A16529F04}.AppStore|ARM.ActiveCfg = Release|Any CPU
		{B17B5D45-6514-4037-91BB-890A16529F04}.AppStore|ARM.Build.0 = Release|Any CPU
		{B17B5D45-6514-4037-91BB-890A16529F04}.AppStore|iPhone.ActiveCfg = Release|Any CPU
		{B17B5D45-6514-4037-91BB-890A16529F04}.AppStore|iPhone.Build.0 = Release|Any CPU
		{B17B5D45-6514-4037-91BB-890A16529F04}.AppStore|iPhoneSimulator.ActiveCfg = Release|Any CPU
		{B17B5D45-6514-4037-91BB-890A16529F04}.AppStore|iPhoneSimulator.Build.0 = Release|Any CPU
		{B17B5D45-6514-4037-91BB-890A16529F04}.AppStore|x64.ActiveCfg = Release|Any CPU
		{B17B5D45-6514-4037-91BB-890A16529F04}.AppStore|x64.Build.0 = Release|Any CPU
		{B17B5D45-6514-4037-91BB-890A16529F04}.AppStore|x86.ActiveCfg = Release|Any CPU
		{B17B5D45-6514-4037-91BB-890A16529F04}.AppStore|x86.Build.0 = Release|Any CPU
		{B17B5D45-6514-4037-91BB-890A16529F04}.Debug|Any CPU.ActiveCfg = Debug|Any CPU
		{B17B5D45-6514-4037-91BB-890A16529F04}.Debug|Any CPU.Build.0 = Debug|Any CPU
		{B17B5D45-6514-4037-91BB-890A16529F04}.Debug|ARM.ActiveCfg = Debug|Any CPU
		{B17B5D45-6514-4037-91BB-890A16529F04}.Debug|ARM.Build.0 = Debug|Any CPU
		{B17B5D45-6514-4037-91BB-890A16529F04}.Debug|iPhone.ActiveCfg = Debug|Any CPU
		{B17B5D45-6514-4037-91BB-890A16529F04}.Debug|iPhone.Build.0 = Debug|Any CPU
		{B17B5D45-6514-4037-91BB-890A16529F04}.Debug|iPhoneSimulator.ActiveCfg = Debug|Any CPU
		{B17B5D45-6514-4037-91BB-890A16529F04}.Debug|iPhoneSimulator.Build.0 = Debug|Any CPU
		{B17B5D45-6514-4037-91BB-890A16529F04}.Debug|x64.ActiveCfg = Debug|Any CPU
		{B17B5D45-6514-4037-91BB-890A16529F04}.Debug|x64.Build.0 = Debug|Any CPU
		{B17B5D45-6514-4037-91BB-890A16529F04}.Debug|x86.ActiveCfg = Debug|Any CPU
		{B17B5D45-6514-4037-91BB-890A16529F04}.Debug|x86.Build.0 = Debug|Any CPU
		{B17B5D45-6514-4037-91BB-890A16529F04}.Release|Any CPU.ActiveCfg = Release|Any CPU
		{B17B5D45-6514-4037-91BB-890A16529F04}.Release|Any CPU.Build.0 = Release|Any CPU
		{B17B5D45-6514-4037-91BB-890A16529F04}.Release|ARM.ActiveCfg = Release|Any CPU
		{B17B5D45-6514-4037-91BB-890A16529F04}.Release|ARM.Build.0 = Release|Any CPU
		{B17B5D45-6514-4037-91BB-890A16529F04}.Release|iPhone.ActiveCfg = Release|Any CPU
		{B17B5D45-6514-4037-91BB-890A16529F04}.Release|iPhone.Build.0 = Release|Any CPU
		{B17B5D45-6514-4037-91BB-890A16529F04}.Release|iPhoneSimulator.ActiveCfg = Release|Any CPU
		{B17B5D45-6514-4037-91BB-890A16529F04}.Release|iPhoneSimulator.Build.0 = Release|Any CPU
		{B17B5D45-6514-4037-91BB-890A16529F04}.Release|x64.ActiveCfg = Release|Any CPU
		{B17B5D45-6514-4037-91BB-890A16529F04}.Release|x64.Build.0 = Release|Any CPU
		{B17B5D45-6514-4037-91BB-890A16529F04}.Release|x86.ActiveCfg = Release|Any CPU
		{B17B5D45-6514-4037-91BB-890A16529F04}.Release|x86.Build.0 = Release|Any CPU
		{E81B493C-4692-4406-A27F-D3E5D8A86393}.Ad-Hoc|Any CPU.ActiveCfg = Release|x86
		{E81B493C-4692-4406-A27F-D3E5D8A86393}.Ad-Hoc|Any CPU.Build.0 = Release|x86
		{E81B493C-4692-4406-A27F-D3E5D8A86393}.Ad-Hoc|Any CPU.Deploy.0 = Release|x86
		{E81B493C-4692-4406-A27F-D3E5D8A86393}.Ad-Hoc|ARM.ActiveCfg = Release|ARM
		{E81B493C-4692-4406-A27F-D3E5D8A86393}.Ad-Hoc|ARM.Build.0 = Release|ARM
		{E81B493C-4692-4406-A27F-D3E5D8A86393}.Ad-Hoc|ARM.Deploy.0 = Release|ARM
		{E81B493C-4692-4406-A27F-D3E5D8A86393}.Ad-Hoc|iPhone.ActiveCfg = Release|x86
		{E81B493C-4692-4406-A27F-D3E5D8A86393}.Ad-Hoc|iPhone.Build.0 = Release|x86
		{E81B493C-4692-4406-A27F-D3E5D8A86393}.Ad-Hoc|iPhone.Deploy.0 = Release|x86
		{E81B493C-4692-4406-A27F-D3E5D8A86393}.Ad-Hoc|iPhoneSimulator.ActiveCfg = Release|x86
		{E81B493C-4692-4406-A27F-D3E5D8A86393}.Ad-Hoc|iPhoneSimulator.Build.0 = Release|x86
		{E81B493C-4692-4406-A27F-D3E5D8A86393}.Ad-Hoc|iPhoneSimulator.Deploy.0 = Release|x86
		{E81B493C-4692-4406-A27F-D3E5D8A86393}.Ad-Hoc|x64.ActiveCfg = Release|x64
		{E81B493C-4692-4406-A27F-D3E5D8A86393}.Ad-Hoc|x64.Build.0 = Release|x64
		{E81B493C-4692-4406-A27F-D3E5D8A86393}.Ad-Hoc|x64.Deploy.0 = Release|x64
		{E81B493C-4692-4406-A27F-D3E5D8A86393}.Ad-Hoc|x86.ActiveCfg = Release|x86
		{E81B493C-4692-4406-A27F-D3E5D8A86393}.Ad-Hoc|x86.Build.0 = Release|x86
		{E81B493C-4692-4406-A27F-D3E5D8A86393}.Ad-Hoc|x86.Deploy.0 = Release|x86
		{E81B493C-4692-4406-A27F-D3E5D8A86393}.AppStore|Any CPU.ActiveCfg = Release|x86
		{E81B493C-4692-4406-A27F-D3E5D8A86393}.AppStore|Any CPU.Build.0 = Release|x86
		{E81B493C-4692-4406-A27F-D3E5D8A86393}.AppStore|Any CPU.Deploy.0 = Release|x86
		{E81B493C-4692-4406-A27F-D3E5D8A86393}.AppStore|ARM.ActiveCfg = Release|ARM
		{E81B493C-4692-4406-A27F-D3E5D8A86393}.AppStore|ARM.Build.0 = Release|ARM
		{E81B493C-4692-4406-A27F-D3E5D8A86393}.AppStore|ARM.Deploy.0 = Release|ARM
		{E81B493C-4692-4406-A27F-D3E5D8A86393}.AppStore|iPhone.ActiveCfg = Release|x86
		{E81B493C-4692-4406-A27F-D3E5D8A86393}.AppStore|iPhone.Build.0 = Release|x86
		{E81B493C-4692-4406-A27F-D3E5D8A86393}.AppStore|iPhone.Deploy.0 = Release|x86
		{E81B493C-4692-4406-A27F-D3E5D8A86393}.AppStore|iPhoneSimulator.ActiveCfg = Release|x86
		{E81B493C-4692-4406-A27F-D3E5D8A86393}.AppStore|iPhoneSimulator.Build.0 = Release|x86
		{E81B493C-4692-4406-A27F-D3E5D8A86393}.AppStore|iPhoneSimulator.Deploy.0 = Release|x86
		{E81B493C-4692-4406-A27F-D3E5D8A86393}.AppStore|x64.ActiveCfg = Release|x64
		{E81B493C-4692-4406-A27F-D3E5D8A86393}.AppStore|x64.Build.0 = Release|x64
		{E81B493C-4692-4406-A27F-D3E5D8A86393}.AppStore|x64.Deploy.0 = Release|x64
		{E81B493C-4692-4406-A27F-D3E5D8A86393}.AppStore|x86.ActiveCfg = Release|x86
		{E81B493C-4692-4406-A27F-D3E5D8A86393}.AppStore|x86.Build.0 = Release|x86
		{E81B493C-4692-4406-A27F-D3E5D8A86393}.AppStore|x86.Deploy.0 = Release|x86
		{E81B493C-4692-4406-A27F-D3E5D8A86393}.Debug|Any CPU.ActiveCfg = Debug|x86
		{E81B493C-4692-4406-A27F-D3E5D8A86393}.Debug|ARM.ActiveCfg = Debug|ARM
		{E81B493C-4692-4406-A27F-D3E5D8A86393}.Debug|ARM.Build.0 = Debug|ARM
		{E81B493C-4692-4406-A27F-D3E5D8A86393}.Debug|ARM.Deploy.0 = Debug|ARM
		{E81B493C-4692-4406-A27F-D3E5D8A86393}.Debug|iPhone.ActiveCfg = Debug|x86
		{E81B493C-4692-4406-A27F-D3E5D8A86393}.Debug|iPhoneSimulator.ActiveCfg = Debug|x86
		{E81B493C-4692-4406-A27F-D3E5D8A86393}.Debug|x64.ActiveCfg = Debug|x64
		{E81B493C-4692-4406-A27F-D3E5D8A86393}.Debug|x64.Build.0 = Debug|x64
		{E81B493C-4692-4406-A27F-D3E5D8A86393}.Debug|x64.Deploy.0 = Debug|x64
		{E81B493C-4692-4406-A27F-D3E5D8A86393}.Debug|x86.ActiveCfg = Debug|x86
		{E81B493C-4692-4406-A27F-D3E5D8A86393}.Debug|x86.Build.0 = Debug|x86
		{E81B493C-4692-4406-A27F-D3E5D8A86393}.Debug|x86.Deploy.0 = Debug|x86
		{E81B493C-4692-4406-A27F-D3E5D8A86393}.Release|Any CPU.ActiveCfg = Release|x86
		{E81B493C-4692-4406-A27F-D3E5D8A86393}.Release|ARM.ActiveCfg = Release|ARM
		{E81B493C-4692-4406-A27F-D3E5D8A86393}.Release|ARM.Build.0 = Release|ARM
		{E81B493C-4692-4406-A27F-D3E5D8A86393}.Release|ARM.Deploy.0 = Release|ARM
		{E81B493C-4692-4406-A27F-D3E5D8A86393}.Release|iPhone.ActiveCfg = Release|x86
		{E81B493C-4692-4406-A27F-D3E5D8A86393}.Release|iPhoneSimulator.ActiveCfg = Release|x86
		{E81B493C-4692-4406-A27F-D3E5D8A86393}.Release|x64.ActiveCfg = Release|x64
		{E81B493C-4692-4406-A27F-D3E5D8A86393}.Release|x64.Build.0 = Release|x64
		{E81B493C-4692-4406-A27F-D3E5D8A86393}.Release|x64.Deploy.0 = Release|x64
		{E81B493C-4692-4406-A27F-D3E5D8A86393}.Release|x86.ActiveCfg = Release|x86
		{E81B493C-4692-4406-A27F-D3E5D8A86393}.Release|x86.Build.0 = Release|x86
		{E81B493C-4692-4406-A27F-D3E5D8A86393}.Release|x86.Deploy.0 = Release|x86
		{91EF20CC-555E-40CF-856C-610C1D18D830}.Ad-Hoc|Any CPU.ActiveCfg = Ad-Hoc|iPhone
		{91EF20CC-555E-40CF-856C-610C1D18D830}.Ad-Hoc|ARM.ActiveCfg = Ad-Hoc|iPhone
		{91EF20CC-555E-40CF-856C-610C1D18D830}.Ad-Hoc|iPhone.ActiveCfg = Ad-Hoc|iPhone
		{91EF20CC-555E-40CF-856C-610C1D18D830}.Ad-Hoc|iPhone.Build.0 = Ad-Hoc|iPhone
		{91EF20CC-555E-40CF-856C-610C1D18D830}.Ad-Hoc|iPhoneSimulator.ActiveCfg = Ad-Hoc|iPhoneSimulator
		{91EF20CC-555E-40CF-856C-610C1D18D830}.Ad-Hoc|iPhoneSimulator.Build.0 = Ad-Hoc|iPhoneSimulator
		{91EF20CC-555E-40CF-856C-610C1D18D830}.Ad-Hoc|x64.ActiveCfg = Ad-Hoc|iPhone
		{91EF20CC-555E-40CF-856C-610C1D18D830}.Ad-Hoc|x86.ActiveCfg = Ad-Hoc|iPhone
		{91EF20CC-555E-40CF-856C-610C1D18D830}.AppStore|Any CPU.ActiveCfg = AppStore|iPhone
		{91EF20CC-555E-40CF-856C-610C1D18D830}.AppStore|ARM.ActiveCfg = AppStore|iPhone
		{91EF20CC-555E-40CF-856C-610C1D18D830}.AppStore|iPhone.ActiveCfg = AppStore|iPhone
		{91EF20CC-555E-40CF-856C-610C1D18D830}.AppStore|iPhone.Build.0 = AppStore|iPhone
		{91EF20CC-555E-40CF-856C-610C1D18D830}.AppStore|iPhoneSimulator.ActiveCfg = AppStore|iPhoneSimulator
		{91EF20CC-555E-40CF-856C-610C1D18D830}.AppStore|iPhoneSimulator.Build.0 = AppStore|iPhoneSimulator
		{91EF20CC-555E-40CF-856C-610C1D18D830}.AppStore|x64.ActiveCfg = AppStore|iPhone
		{91EF20CC-555E-40CF-856C-610C1D18D830}.AppStore|x86.ActiveCfg = AppStore|iPhone
		{91EF20CC-555E-40CF-856C-610C1D18D830}.Debug|Any CPU.ActiveCfg = Debug|iPhone
		{91EF20CC-555E-40CF-856C-610C1D18D830}.Debug|ARM.ActiveCfg = Debug|iPhone
		{91EF20CC-555E-40CF-856C-610C1D18D830}.Debug|iPhone.ActiveCfg = Debug|iPhone
		{91EF20CC-555E-40CF-856C-610C1D18D830}.Debug|iPhone.Build.0 = Debug|iPhone
		{91EF20CC-555E-40CF-856C-610C1D18D830}.Debug|iPhoneSimulator.ActiveCfg = Debug|iPhoneSimulator
		{91EF20CC-555E-40CF-856C-610C1D18D830}.Debug|iPhoneSimulator.Build.0 = Debug|iPhoneSimulator
		{91EF20CC-555E-40CF-856C-610C1D18D830}.Debug|x64.ActiveCfg = Debug|iPhone
		{91EF20CC-555E-40CF-856C-610C1D18D830}.Debug|x86.ActiveCfg = Debug|iPhone
		{91EF20CC-555E-40CF-856C-610C1D18D830}.Release|Any CPU.ActiveCfg = Release|iPhone
		{91EF20CC-555E-40CF-856C-610C1D18D830}.Release|ARM.ActiveCfg = Release|iPhone
		{91EF20CC-555E-40CF-856C-610C1D18D830}.Release|iPhone.ActiveCfg = Release|iPhone
		{91EF20CC-555E-40CF-856C-610C1D18D830}.Release|iPhone.Build.0 = Release|iPhone
		{91EF20CC-555E-40CF-856C-610C1D18D830}.Release|iPhoneSimulator.ActiveCfg = Release|iPhoneSimulator
		{91EF20CC-555E-40CF-856C-610C1D18D830}.Release|iPhoneSimulator.Build.0 = Release|iPhoneSimulator
		{91EF20CC-555E-40CF-856C-610C1D18D830}.Release|x64.ActiveCfg = Release|iPhone
		{91EF20CC-555E-40CF-856C-610C1D18D830}.Release|x86.ActiveCfg = Release|iPhone
		{5E0CBD45-F2D5-443C-AC26-DE60B566E866}.Ad-Hoc|Any CPU.ActiveCfg = Release|Any CPU
		{5E0CBD45-F2D5-443C-AC26-DE60B566E866}.Ad-Hoc|Any CPU.Build.0 = Release|Any CPU
		{5E0CBD45-F2D5-443C-AC26-DE60B566E866}.Ad-Hoc|ARM.ActiveCfg = Release|Any CPU
		{5E0CBD45-F2D5-443C-AC26-DE60B566E866}.Ad-Hoc|ARM.Build.0 = Release|Any CPU
		{5E0CBD45-F2D5-443C-AC26-DE60B566E866}.Ad-Hoc|iPhone.ActiveCfg = Release|Any CPU
		{5E0CBD45-F2D5-443C-AC26-DE60B566E866}.Ad-Hoc|iPhone.Build.0 = Release|Any CPU
		{5E0CBD45-F2D5-443C-AC26-DE60B566E866}.Ad-Hoc|iPhoneSimulator.ActiveCfg = Release|Any CPU
		{5E0CBD45-F2D5-443C-AC26-DE60B566E866}.Ad-Hoc|iPhoneSimulator.Build.0 = Release|Any CPU
		{5E0CBD45-F2D5-443C-AC26-DE60B566E866}.Ad-Hoc|x64.ActiveCfg = Release|Any CPU
		{5E0CBD45-F2D5-443C-AC26-DE60B566E866}.Ad-Hoc|x64.Build.0 = Release|Any CPU
		{5E0CBD45-F2D5-443C-AC26-DE60B566E866}.Ad-Hoc|x86.ActiveCfg = Release|Any CPU
		{5E0CBD45-F2D5-443C-AC26-DE60B566E866}.Ad-Hoc|x86.Build.0 = Release|Any CPU
		{5E0CBD45-F2D5-443C-AC26-DE60B566E866}.AppStore|Any CPU.ActiveCfg = Release|Any CPU
		{5E0CBD45-F2D5-443C-AC26-DE60B566E866}.AppStore|Any CPU.Build.0 = Release|Any CPU
		{5E0CBD45-F2D5-443C-AC26-DE60B566E866}.AppStore|ARM.ActiveCfg = Release|Any CPU
		{5E0CBD45-F2D5-443C-AC26-DE60B566E866}.AppStore|ARM.Build.0 = Release|Any CPU
		{5E0CBD45-F2D5-443C-AC26-DE60B566E866}.AppStore|iPhone.ActiveCfg = Release|Any CPU
		{5E0CBD45-F2D5-443C-AC26-DE60B566E866}.AppStore|iPhone.Build.0 = Release|Any CPU
		{5E0CBD45-F2D5-443C-AC26-DE60B566E866}.AppStore|iPhoneSimulator.ActiveCfg = Release|Any CPU
		{5E0CBD45-F2D5-443C-AC26-DE60B566E866}.AppStore|iPhoneSimulator.Build.0 = Release|Any CPU
		{5E0CBD45-F2D5-443C-AC26-DE60B566E866}.AppStore|x64.ActiveCfg = Release|Any CPU
		{5E0CBD45-F2D5-443C-AC26-DE60B566E866}.AppStore|x64.Build.0 = Release|Any CPU
		{5E0CBD45-F2D5-443C-AC26-DE60B566E866}.AppStore|x86.ActiveCfg = Release|Any CPU
		{5E0CBD45-F2D5-443C-AC26-DE60B566E866}.AppStore|x86.Build.0 = Release|Any CPU
		{5E0CBD45-F2D5-443C-AC26-DE60B566E866}.Debug|Any CPU.ActiveCfg = Debug|Any CPU
		{5E0CBD45-F2D5-443C-AC26-DE60B566E866}.Debug|Any CPU.Build.0 = Debug|Any CPU
		{5E0CBD45-F2D5-443C-AC26-DE60B566E866}.Debug|ARM.ActiveCfg = Debug|Any CPU
		{5E0CBD45-F2D5-443C-AC26-DE60B566E866}.Debug|ARM.Build.0 = Debug|Any CPU
		{5E0CBD45-F2D5-443C-AC26-DE60B566E866}.Debug|iPhone.ActiveCfg = Debug|Any CPU
		{5E0CBD45-F2D5-443C-AC26-DE60B566E866}.Debug|iPhone.Build.0 = Debug|Any CPU
		{5E0CBD45-F2D5-443C-AC26-DE60B566E866}.Debug|iPhoneSimulator.ActiveCfg = Debug|Any CPU
		{5E0CBD45-F2D5-443C-AC26-DE60B566E866}.Debug|iPhoneSimulator.Build.0 = Debug|Any CPU
		{5E0CBD45-F2D5-443C-AC26-DE60B566E866}.Debug|x64.ActiveCfg = Debug|Any CPU
		{5E0CBD45-F2D5-443C-AC26-DE60B566E866}.Debug|x64.Build.0 = Debug|Any CPU
		{5E0CBD45-F2D5-443C-AC26-DE60B566E866}.Debug|x86.ActiveCfg = Debug|Any CPU
		{5E0CBD45-F2D5-443C-AC26-DE60B566E866}.Debug|x86.Build.0 = Debug|Any CPU
		{5E0CBD45-F2D5-443C-AC26-DE60B566E866}.Release|Any CPU.ActiveCfg = Release|Any CPU
		{5E0CBD45-F2D5-443C-AC26-DE60B566E866}.Release|Any CPU.Build.0 = Release|Any CPU
		{5E0CBD45-F2D5-443C-AC26-DE60B566E866}.Release|ARM.ActiveCfg = Release|Any CPU
		{5E0CBD45-F2D5-443C-AC26-DE60B566E866}.Release|ARM.Build.0 = Release|Any CPU
		{5E0CBD45-F2D5-443C-AC26-DE60B566E866}.Release|iPhone.ActiveCfg = Release|Any CPU
		{5E0CBD45-F2D5-443C-AC26-DE60B566E866}.Release|iPhone.Build.0 = Release|Any CPU
		{5E0CBD45-F2D5-443C-AC26-DE60B566E866}.Release|iPhoneSimulator.ActiveCfg = Release|Any CPU
		{5E0CBD45-F2D5-443C-AC26-DE60B566E866}.Release|iPhoneSimulator.Build.0 = Release|Any CPU
		{5E0CBD45-F2D5-443C-AC26-DE60B566E866}.Release|x64.ActiveCfg = Release|Any CPU
		{5E0CBD45-F2D5-443C-AC26-DE60B566E866}.Release|x64.Build.0 = Release|Any CPU
		{5E0CBD45-F2D5-443C-AC26-DE60B566E866}.Release|x86.ActiveCfg = Release|Any CPU
		{5E0CBD45-F2D5-443C-AC26-DE60B566E866}.Release|x86.Build.0 = Release|Any CPU
		{2C3F21C0-DE13-473A-A95E-C78FB72E6C1D}.Ad-Hoc|Any CPU.ActiveCfg = Release|Any CPU
		{2C3F21C0-DE13-473A-A95E-C78FB72E6C1D}.Ad-Hoc|Any CPU.Build.0 = Release|Any CPU
		{2C3F21C0-DE13-473A-A95E-C78FB72E6C1D}.Ad-Hoc|ARM.ActiveCfg = Release|Any CPU
		{2C3F21C0-DE13-473A-A95E-C78FB72E6C1D}.Ad-Hoc|ARM.Build.0 = Release|Any CPU
		{2C3F21C0-DE13-473A-A95E-C78FB72E6C1D}.Ad-Hoc|iPhone.ActiveCfg = Release|Any CPU
		{2C3F21C0-DE13-473A-A95E-C78FB72E6C1D}.Ad-Hoc|iPhone.Build.0 = Release|Any CPU
		{2C3F21C0-DE13-473A-A95E-C78FB72E6C1D}.Ad-Hoc|iPhoneSimulator.ActiveCfg = Release|Any CPU
		{2C3F21C0-DE13-473A-A95E-C78FB72E6C1D}.Ad-Hoc|iPhoneSimulator.Build.0 = Release|Any CPU
		{2C3F21C0-DE13-473A-A95E-C78FB72E6C1D}.Ad-Hoc|x64.ActiveCfg = Release|Any CPU
		{2C3F21C0-DE13-473A-A95E-C78FB72E6C1D}.Ad-Hoc|x64.Build.0 = Release|Any CPU
		{2C3F21C0-DE13-473A-A95E-C78FB72E6C1D}.Ad-Hoc|x86.ActiveCfg = Release|Any CPU
		{2C3F21C0-DE13-473A-A95E-C78FB72E6C1D}.Ad-Hoc|x86.Build.0 = Release|Any CPU
		{2C3F21C0-DE13-473A-A95E-C78FB72E6C1D}.AppStore|Any CPU.ActiveCfg = Release|Any CPU
		{2C3F21C0-DE13-473A-A95E-C78FB72E6C1D}.AppStore|Any CPU.Build.0 = Release|Any CPU
		{2C3F21C0-DE13-473A-A95E-C78FB72E6C1D}.AppStore|ARM.ActiveCfg = Release|Any CPU
		{2C3F21C0-DE13-473A-A95E-C78FB72E6C1D}.AppStore|ARM.Build.0 = Release|Any CPU
		{2C3F21C0-DE13-473A-A95E-C78FB72E6C1D}.AppStore|iPhone.ActiveCfg = Release|Any CPU
		{2C3F21C0-DE13-473A-A95E-C78FB72E6C1D}.AppStore|iPhone.Build.0 = Release|Any CPU
		{2C3F21C0-DE13-473A-A95E-C78FB72E6C1D}.AppStore|iPhoneSimulator.ActiveCfg = Release|Any CPU
		{2C3F21C0-DE13-473A-A95E-C78FB72E6C1D}.AppStore|iPhoneSimulator.Build.0 = Release|Any CPU
		{2C3F21C0-DE13-473A-A95E-C78FB72E6C1D}.AppStore|x64.ActiveCfg = Release|Any CPU
		{2C3F21C0-DE13-473A-A95E-C78FB72E6C1D}.AppStore|x64.Build.0 = Release|Any CPU
		{2C3F21C0-DE13-473A-A95E-C78FB72E6C1D}.AppStore|x86.ActiveCfg = Release|Any CPU
		{2C3F21C0-DE13-473A-A95E-C78FB72E6C1D}.AppStore|x86.Build.0 = Release|Any CPU
		{2C3F21C0-DE13-473A-A95E-C78FB72E6C1D}.Debug|Any CPU.ActiveCfg = Debug|Any CPU
		{2C3F21C0-DE13-473A-A95E-C78FB72E6C1D}.Debug|Any CPU.Build.0 = Debug|Any CPU
		{2C3F21C0-DE13-473A-A95E-C78FB72E6C1D}.Debug|ARM.ActiveCfg = Debug|Any CPU
		{2C3F21C0-DE13-473A-A95E-C78FB72E6C1D}.Debug|ARM.Build.0 = Debug|Any CPU
		{2C3F21C0-DE13-473A-A95E-C78FB72E6C1D}.Debug|iPhone.ActiveCfg = Debug|Any CPU
		{2C3F21C0-DE13-473A-A95E-C78FB72E6C1D}.Debug|iPhone.Build.0 = Debug|Any CPU
		{2C3F21C0-DE13-473A-A95E-C78FB72E6C1D}.Debug|iPhoneSimulator.ActiveCfg = Debug|Any CPU
		{2C3F21C0-DE13-473A-A95E-C78FB72E6C1D}.Debug|iPhoneSimulator.Build.0 = Debug|Any CPU
		{2C3F21C0-DE13-473A-A95E-C78FB72E6C1D}.Debug|x64.ActiveCfg = Debug|Any CPU
		{2C3F21C0-DE13-473A-A95E-C78FB72E6C1D}.Debug|x64.Build.0 = Debug|Any CPU
		{2C3F21C0-DE13-473A-A95E-C78FB72E6C1D}.Debug|x86.ActiveCfg = Debug|Any CPU
		{2C3F21C0-DE13-473A-A95E-C78FB72E6C1D}.Debug|x86.Build.0 = Debug|Any CPU
		{2C3F21C0-DE13-473A-A95E-C78FB72E6C1D}.Release|Any CPU.ActiveCfg = Release|Any CPU
		{2C3F21C0-DE13-473A-A95E-C78FB72E6C1D}.Release|Any CPU.Build.0 = Release|Any CPU
		{2C3F21C0-DE13-473A-A95E-C78FB72E6C1D}.Release|ARM.ActiveCfg = Release|Any CPU
		{2C3F21C0-DE13-473A-A95E-C78FB72E6C1D}.Release|ARM.Build.0 = Release|Any CPU
		{2C3F21C0-DE13-473A-A95E-C78FB72E6C1D}.Release|iPhone.ActiveCfg = Release|Any CPU
		{2C3F21C0-DE13-473A-A95E-C78FB72E6C1D}.Release|iPhone.Build.0 = Release|Any CPU
		{2C3F21C0-DE13-473A-A95E-C78FB72E6C1D}.Release|iPhoneSimulator.ActiveCfg = Release|Any CPU
		{2C3F21C0-DE13-473A-A95E-C78FB72E6C1D}.Release|iPhoneSimulator.Build.0 = Release|Any CPU
		{2C3F21C0-DE13-473A-A95E-C78FB72E6C1D}.Release|x64.ActiveCfg = Release|Any CPU
		{2C3F21C0-DE13-473A-A95E-C78FB72E6C1D}.Release|x64.Build.0 = Release|Any CPU
		{2C3F21C0-DE13-473A-A95E-C78FB72E6C1D}.Release|x86.ActiveCfg = Release|Any CPU
		{2C3F21C0-DE13-473A-A95E-C78FB72E6C1D}.Release|x86.Build.0 = Release|Any CPU
		{45AA6F43-79FC-40AE-82E9-0A400DC93677}.Ad-Hoc|Any CPU.ActiveCfg = Release|Any CPU
		{45AA6F43-79FC-40AE-82E9-0A400DC93677}.Ad-Hoc|Any CPU.Build.0 = Release|Any CPU
		{45AA6F43-79FC-40AE-82E9-0A400DC93677}.Ad-Hoc|ARM.ActiveCfg = Release|Any CPU
		{45AA6F43-79FC-40AE-82E9-0A400DC93677}.Ad-Hoc|ARM.Build.0 = Release|Any CPU
		{45AA6F43-79FC-40AE-82E9-0A400DC93677}.Ad-Hoc|iPhone.ActiveCfg = Release|Any CPU
		{45AA6F43-79FC-40AE-82E9-0A400DC93677}.Ad-Hoc|iPhone.Build.0 = Release|Any CPU
		{45AA6F43-79FC-40AE-82E9-0A400DC93677}.Ad-Hoc|iPhoneSimulator.ActiveCfg = Release|Any CPU
		{45AA6F43-79FC-40AE-82E9-0A400DC93677}.Ad-Hoc|iPhoneSimulator.Build.0 = Release|Any CPU
		{45AA6F43-79FC-40AE-82E9-0A400DC93677}.Ad-Hoc|x64.ActiveCfg = Release|Any CPU
		{45AA6F43-79FC-40AE-82E9-0A400DC93677}.Ad-Hoc|x64.Build.0 = Release|Any CPU
		{45AA6F43-79FC-40AE-82E9-0A400DC93677}.Ad-Hoc|x86.ActiveCfg = Release|Any CPU
		{45AA6F43-79FC-40AE-82E9-0A400DC93677}.Ad-Hoc|x86.Build.0 = Release|Any CPU
		{45AA6F43-79FC-40AE-82E9-0A400DC93677}.AppStore|Any CPU.ActiveCfg = Release|Any CPU
		{45AA6F43-79FC-40AE-82E9-0A400DC93677}.AppStore|Any CPU.Build.0 = Release|Any CPU
		{45AA6F43-79FC-40AE-82E9-0A400DC93677}.AppStore|ARM.ActiveCfg = Release|Any CPU
		{45AA6F43-79FC-40AE-82E9-0A400DC93677}.AppStore|ARM.Build.0 = Release|Any CPU
		{45AA6F43-79FC-40AE-82E9-0A400DC93677}.AppStore|iPhone.ActiveCfg = Release|Any CPU
		{45AA6F43-79FC-40AE-82E9-0A400DC93677}.AppStore|iPhone.Build.0 = Release|Any CPU
		{45AA6F43-79FC-40AE-82E9-0A400DC93677}.AppStore|iPhoneSimulator.ActiveCfg = Release|Any CPU
		{45AA6F43-79FC-40AE-82E9-0A400DC93677}.AppStore|iPhoneSimulator.Build.0 = Release|Any CPU
		{45AA6F43-79FC-40AE-82E9-0A400DC93677}.AppStore|x64.ActiveCfg = Release|Any CPU
		{45AA6F43-79FC-40AE-82E9-0A400DC93677}.AppStore|x64.Build.0 = Release|Any CPU
		{45AA6F43-79FC-40AE-82E9-0A400DC93677}.AppStore|x86.ActiveCfg = Release|Any CPU
		{45AA6F43-79FC-40AE-82E9-0A400DC93677}.AppStore|x86.Build.0 = Release|Any CPU
		{45AA6F43-79FC-40AE-82E9-0A400DC93677}.Debug|Any CPU.ActiveCfg = Debug|Any CPU
		{45AA6F43-79FC-40AE-82E9-0A400DC93677}.Debug|Any CPU.Build.0 = Debug|Any CPU
		{45AA6F43-79FC-40AE-82E9-0A400DC93677}.Debug|ARM.ActiveCfg = Debug|Any CPU
		{45AA6F43-79FC-40AE-82E9-0A400DC93677}.Debug|ARM.Build.0 = Debug|Any CPU
		{45AA6F43-79FC-40AE-82E9-0A400DC93677}.Debug|iPhone.ActiveCfg = Debug|Any CPU
		{45AA6F43-79FC-40AE-82E9-0A400DC93677}.Debug|iPhone.Build.0 = Debug|Any CPU
		{45AA6F43-79FC-40AE-82E9-0A400DC93677}.Debug|iPhoneSimulator.ActiveCfg = Debug|Any CPU
		{45AA6F43-79FC-40AE-82E9-0A400DC93677}.Debug|iPhoneSimulator.Build.0 = Debug|Any CPU
		{45AA6F43-79FC-40AE-82E9-0A400DC93677}.Debug|x64.ActiveCfg = Debug|Any CPU
		{45AA6F43-79FC-40AE-82E9-0A400DC93677}.Debug|x64.Build.0 = Debug|Any CPU
		{45AA6F43-79FC-40AE-82E9-0A400DC93677}.Debug|x86.ActiveCfg = Debug|Any CPU
		{45AA6F43-79FC-40AE-82E9-0A400DC93677}.Debug|x86.Build.0 = Debug|Any CPU
		{45AA6F43-79FC-40AE-82E9-0A400DC93677}.Release|Any CPU.ActiveCfg = Release|Any CPU
		{45AA6F43-79FC-40AE-82E9-0A400DC93677}.Release|Any CPU.Build.0 = Release|Any CPU
		{45AA6F43-79FC-40AE-82E9-0A400DC93677}.Release|ARM.ActiveCfg = Release|Any CPU
		{45AA6F43-79FC-40AE-82E9-0A400DC93677}.Release|ARM.Build.0 = Release|Any CPU
		{45AA6F43-79FC-40AE-82E9-0A400DC93677}.Release|iPhone.ActiveCfg = Release|Any CPU
		{45AA6F43-79FC-40AE-82E9-0A400DC93677}.Release|iPhone.Build.0 = Release|Any CPU
		{45AA6F43-79FC-40AE-82E9-0A400DC93677}.Release|iPhoneSimulator.ActiveCfg = Release|Any CPU
		{45AA6F43-79FC-40AE-82E9-0A400DC93677}.Release|iPhoneSimulator.Build.0 = Release|Any CPU
		{45AA6F43-79FC-40AE-82E9-0A400DC93677}.Release|x64.ActiveCfg = Release|Any CPU
		{45AA6F43-79FC-40AE-82E9-0A400DC93677}.Release|x64.Build.0 = Release|Any CPU
		{45AA6F43-79FC-40AE-82E9-0A400DC93677}.Release|x86.ActiveCfg = Release|Any CPU
		{45AA6F43-79FC-40AE-82E9-0A400DC93677}.Release|x86.Build.0 = Release|Any CPU
		{1059C840-5473-40FB-A127-77ACACB3A3FA}.Ad-Hoc|Any CPU.ActiveCfg = Release|Any CPU
		{1059C840-5473-40FB-A127-77ACACB3A3FA}.Ad-Hoc|Any CPU.Build.0 = Release|Any CPU
		{1059C840-5473-40FB-A127-77ACACB3A3FA}.Ad-Hoc|ARM.ActiveCfg = Release|Any CPU
		{1059C840-5473-40FB-A127-77ACACB3A3FA}.Ad-Hoc|ARM.Build.0 = Release|Any CPU
		{1059C840-5473-40FB-A127-77ACACB3A3FA}.Ad-Hoc|iPhone.ActiveCfg = Release|Any CPU
		{1059C840-5473-40FB-A127-77ACACB3A3FA}.Ad-Hoc|iPhone.Build.0 = Release|Any CPU
		{1059C840-5473-40FB-A127-77ACACB3A3FA}.Ad-Hoc|iPhoneSimulator.ActiveCfg = Release|Any CPU
		{1059C840-5473-40FB-A127-77ACACB3A3FA}.Ad-Hoc|iPhoneSimulator.Build.0 = Release|Any CPU
		{1059C840-5473-40FB-A127-77ACACB3A3FA}.Ad-Hoc|x64.ActiveCfg = Release|Any CPU
		{1059C840-5473-40FB-A127-77ACACB3A3FA}.Ad-Hoc|x64.Build.0 = Release|Any CPU
		{1059C840-5473-40FB-A127-77ACACB3A3FA}.Ad-Hoc|x86.ActiveCfg = Release|Any CPU
		{1059C840-5473-40FB-A127-77ACACB3A3FA}.Ad-Hoc|x86.Build.0 = Release|Any CPU
		{1059C840-5473-40FB-A127-77ACACB3A3FA}.AppStore|Any CPU.ActiveCfg = Release|Any CPU
		{1059C840-5473-40FB-A127-77ACACB3A3FA}.AppStore|Any CPU.Build.0 = Release|Any CPU
		{1059C840-5473-40FB-A127-77ACACB3A3FA}.AppStore|ARM.ActiveCfg = Release|Any CPU
		{1059C840-5473-40FB-A127-77ACACB3A3FA}.AppStore|ARM.Build.0 = Release|Any CPU
		{1059C840-5473-40FB-A127-77ACACB3A3FA}.AppStore|iPhone.ActiveCfg = Release|Any CPU
		{1059C840-5473-40FB-A127-77ACACB3A3FA}.AppStore|iPhone.Build.0 = Release|Any CPU
		{1059C840-5473-40FB-A127-77ACACB3A3FA}.AppStore|iPhoneSimulator.ActiveCfg = Release|Any CPU
		{1059C840-5473-40FB-A127-77ACACB3A3FA}.AppStore|iPhoneSimulator.Build.0 = Release|Any CPU
		{1059C840-5473-40FB-A127-77ACACB3A3FA}.AppStore|x64.ActiveCfg = Release|Any CPU
		{1059C840-5473-40FB-A127-77ACACB3A3FA}.AppStore|x64.Build.0 = Release|Any CPU
		{1059C840-5473-40FB-A127-77ACACB3A3FA}.AppStore|x86.ActiveCfg = Release|Any CPU
		{1059C840-5473-40FB-A127-77ACACB3A3FA}.AppStore|x86.Build.0 = Release|Any CPU
		{1059C840-5473-40FB-A127-77ACACB3A3FA}.Debug|Any CPU.ActiveCfg = Debug|Any CPU
		{1059C840-5473-40FB-A127-77ACACB3A3FA}.Debug|Any CPU.Build.0 = Debug|Any CPU
		{1059C840-5473-40FB-A127-77ACACB3A3FA}.Debug|ARM.ActiveCfg = Debug|Any CPU
		{1059C840-5473-40FB-A127-77ACACB3A3FA}.Debug|ARM.Build.0 = Debug|Any CPU
		{1059C840-5473-40FB-A127-77ACACB3A3FA}.Debug|iPhone.ActiveCfg = Debug|Any CPU
		{1059C840-5473-40FB-A127-77ACACB3A3FA}.Debug|iPhone.Build.0 = Debug|Any CPU
		{1059C840-5473-40FB-A127-77ACACB3A3FA}.Debug|iPhoneSimulator.ActiveCfg = Debug|Any CPU
		{1059C840-5473-40FB-A127-77ACACB3A3FA}.Debug|iPhoneSimulator.Build.0 = Debug|Any CPU
		{1059C840-5473-40FB-A127-77ACACB3A3FA}.Debug|x64.ActiveCfg = Debug|Any CPU
		{1059C840-5473-40FB-A127-77ACACB3A3FA}.Debug|x64.Build.0 = Debug|Any CPU
		{1059C840-5473-40FB-A127-77ACACB3A3FA}.Debug|x86.ActiveCfg = Debug|Any CPU
		{1059C840-5473-40FB-A127-77ACACB3A3FA}.Debug|x86.Build.0 = Debug|Any CPU
		{1059C840-5473-40FB-A127-77ACACB3A3FA}.Release|Any CPU.ActiveCfg = Release|Any CPU
		{1059C840-5473-40FB-A127-77ACACB3A3FA}.Release|Any CPU.Build.0 = Release|Any CPU
		{1059C840-5473-40FB-A127-77ACACB3A3FA}.Release|ARM.ActiveCfg = Release|Any CPU
		{1059C840-5473-40FB-A127-77ACACB3A3FA}.Release|ARM.Build.0 = Release|Any CPU
		{1059C840-5473-40FB-A127-77ACACB3A3FA}.Release|iPhone.ActiveCfg = Release|Any CPU
		{1059C840-5473-40FB-A127-77ACACB3A3FA}.Release|iPhone.Build.0 = Release|Any CPU
		{1059C840-5473-40FB-A127-77ACACB3A3FA}.Release|iPhoneSimulator.ActiveCfg = Release|Any CPU
		{1059C840-5473-40FB-A127-77ACACB3A3FA}.Release|iPhoneSimulator.Build.0 = Release|Any CPU
		{1059C840-5473-40FB-A127-77ACACB3A3FA}.Release|x64.ActiveCfg = Release|Any CPU
		{1059C840-5473-40FB-A127-77ACACB3A3FA}.Release|x64.Build.0 = Release|Any CPU
		{1059C840-5473-40FB-A127-77ACACB3A3FA}.Release|x86.ActiveCfg = Release|Any CPU
		{1059C840-5473-40FB-A127-77ACACB3A3FA}.Release|x86.Build.0 = Release|Any CPU
	EndGlobalSection
	GlobalSection(SolutionProperties) = preSolution
		HideSolutionNode = FALSE
	EndGlobalSection
	GlobalSection(ExtensibilityGlobals) = postSolution
		SolutionGuid = {3BA743D0-5E15-42EB-8637-F4066BB7A72B}
	EndGlobalSection
EndGlobal
